
Microsoft Visual Studio Solution File, Format Version 12.00
# Visual Studio 14
VisualStudioVersion = 14.0.25420.1
MinimumVisualStudioVersion = 10.0.40219.1
Project("{262852C6-CD72-467D-83FE-5EEB1973A190}") = "sysxygh", "sysxygh.jsproj", "{FFE7B5EB-45BA-4461-9B5F-47578B43E4DE}"
EndProject
Global
	GlobalSection(SolutionConfigurationPlatforms) = preSolution
		Debug|Android = Debug|Android
		Debug|iOS = Debug|iOS
		Debug|Windows Phone (Universal) = Debug|Windows Phone (Universal)
		Debug|Windows Phone 8 = Debug|Windows Phone 8
		Debug|Windows-AnyCPU = Debug|Windows-AnyCPU
		Debug|Windows-ARM = Debug|Windows-ARM
		Debug|Windows-x64 = Debug|Windows-x64
		Debug|Windows-x86 = Debug|Windows-x86
		Release|Android = Release|Android
		Release|iOS = Release|iOS
		Release|Windows Phone (Universal) = Release|Windows Phone (Universal)
		Release|Windows Phone 8 = Release|Windows Phone 8
		Release|Windows-AnyCPU = Release|Windows-AnyCPU
		Release|Windows-ARM = Release|Windows-ARM
		Release|Windows-x64 = Release|Windows-x64
		Release|Windows-x86 = Release|Windows-x86
	EndGlobalSection
	GlobalSection(ProjectConfigurationPlatforms) = postSolution
		{FFE7B5EB-45BA-4461-9B5F-47578B43E4DE}.Debug|Android.ActiveCfg = Debug|Android
		{FFE7B5EB-45BA-4461-9B5F-47578B43E4DE}.Debug|Android.Build.0 = Debug|Android
		{FFE7B5EB-45BA-4461-9B5F-47578B43E4DE}.Debug|Android.Deploy.0 = Debug|Android
		{FFE7B5EB-45BA-4461-9B5F-47578B43E4DE}.Debug|iOS.ActiveCfg = Debug|iOS
		{FFE7B5EB-45BA-4461-9B5F-47578B43E4DE}.Debug|iOS.Build.0 = Debug|iOS
		{FFE7B5EB-45BA-4461-9B5F-47578B43E4DE}.Debug|iOS.Deploy.0 = Debug|iOS
		{FFE7B5EB-45BA-4461-9B5F-47578B43E4DE}.Debug|Windows Phone (Universal).ActiveCfg = Debug|Windows Phone (Universal)
		{FFE7B5EB-45BA-4461-9B5F-47578B43E4DE}.Debug|Windows Phone (Universal).Build.0 = Debug|Windows Phone (Universal)
		{FFE7B5EB-45BA-4461-9B5F-47578B43E4DE}.Debug|Windows Phone (Universal).Deploy.0 = Debug|Windows Phone (Universal)
		{FFE7B5EB-45BA-4461-9B5F-47578B43E4DE}.Debug|Windows Phone 8.ActiveCfg = Debug|Windows Phone 8
		{FFE7B5EB-45BA-4461-9B5F-47578B43E4DE}.Debug|Windows Phone 8.Build.0 = Debug|Windows Phone 8
		{FFE7B5EB-45BA-4461-9B5F-47578B43E4DE}.Debug|Windows Phone 8.Deploy.0 = Debug|Windows Phone 8
		{FFE7B5EB-45BA-4461-9B5F-47578B43E4DE}.Debug|Windows-AnyCPU.ActiveCfg = Debug|Windows-AnyCPU
		{FFE7B5EB-45BA-4461-9B5F-47578B43E4DE}.Debug|Windows-AnyCPU.Build.0 = Debug|Windows-AnyCPU
		{FFE7B5EB-45BA-4461-9B5F-47578B43E4DE}.Debug|Windows-AnyCPU.Deploy.0 = Debug|Windows-AnyCPU
		{FFE7B5EB-45BA-4461-9B5F-47578B43E4DE}.Debug|Windows-ARM.ActiveCfg = Debug|Windows-ARM
		{FFE7B5EB-45BA-4461-9B5F-47578B43E4DE}.Debug|Windows-ARM.Build.0 = Debug|Windows-ARM
		{FFE7B5EB-45BA-4461-9B5F-47578B43E4DE}.Debug|Windows-ARM.Deploy.0 = Debug|Windows-ARM
		{FFE7B5EB-45BA-4461-9B5F-47578B43E4DE}.Debug|Windows-x64.ActiveCfg = Debug|Windows-x64
		{FFE7B5EB-45BA-4461-9B5F-47578B43E4DE}.Debug|Windows-x64.Build.0 = Debug|Windows-x64
		{FFE7B5EB-45BA-4461-9B5F-47578B43E4DE}.Debug|Windows-x64.Deploy.0 = Debug|Windows-x64
		{FFE7B5EB-45BA-4461-9B5F-47578B43E4DE}.Debug|Windows-x86.ActiveCfg = Debug|Windows-x86
		{FFE7B5EB-45BA-4461-9B5F-47578B43E4DE}.Debug|Windows-x86.Build.0 = Debug|Windows-x86
		{FFE7B5EB-45BA-4461-9B5F-47578B43E4DE}.Debug|Windows-x86.Deploy.0 = Debug|Windows-x86
		{FFE7B5EB-45BA-4461-9B5F-47578B43E4DE}.Release|Android.ActiveCfg = Release|Android
		{FFE7B5EB-45BA-4461-9B5F-47578B43E4DE}.Release|Android.Build.0 = Release|Android
		{FFE7B5EB-45BA-4461-9B5F-47578B43E4DE}.Release|Android.Deploy.0 = Release|Android
		{FFE7B5EB-45BA-4461-9B5F-47578B43E4DE}.Release|iOS.ActiveCfg = Release|iOS
		{FFE7B5EB-45BA-4461-9B5F-47578B43E4DE}.Release|iOS.Build.0 = Release|iOS
		{FFE7B5EB-45BA-4461-9B5F-47578B43E4DE}.Release|iOS.Deploy.0 = Release|iOS
		{FFE7B5EB-45BA-4461-9B5F-47578B43E4DE}.Release|Windows Phone (Universal).ActiveCfg = Release|Windows Phone (Universal)
		{FFE7B5EB-45BA-4461-9B5F-47578B43E4DE}.Release|Windows Phone (Universal).Build.0 = Release|Windows Phone (Universal)
		{FFE7B5EB-45BA-4461-9B5F-47578B43E4DE}.Release|Windows Phone (Universal).Deploy.0 = Release|Windows Phone (Universal)
		{FFE7B5EB-45BA-4461-9B5F-47578B43E4DE}.Release|Windows Phone 8.ActiveCfg = Release|Windows Phone 8
		{FFE7B5EB-45BA-4461-9B5F-47578B43E4DE}.Release|Windows Phone 8.Build.0 = Release|Windows Phone 8
		{FFE7B5EB-45BA-4461-9B5F-47578B43E4DE}.Release|Windows Phone 8.Deploy.0 = Release|Windows Phone 8
		{FFE7B5EB-45BA-4461-9B5F-47578B43E4DE}.Release|Windows-AnyCPU.ActiveCfg = Release|Windows-AnyCPU
		{FFE7B5EB-45BA-4461-9B5F-47578B43E4DE}.Release|Windows-AnyCPU.Build.0 = Release|Windows-AnyCPU
		{FFE7B5EB-45BA-4461-9B5F-47578B43E4DE}.Release|Windows-AnyCPU.Deploy.0 = Release|Windows-AnyCPU
		{FFE7B5EB-45BA-4461-9B5F-47578B43E4DE}.Release|Windows-ARM.ActiveCfg = Release|Windows-ARM
		{FFE7B5EB-45BA-4461-9B5F-47578B43E4DE}.Release|Windows-ARM.Build.0 = Release|Windows-ARM
		{FFE7B5EB-45BA-4461-9B5F-47578B43E4DE}.Release|Windows-ARM.Deploy.0 = Release|Windows-ARM
		{FFE7B5EB-45BA-4461-9B5F-47578B43E4DE}.Release|Windows-x64.ActiveCfg = Release|Windows-x64
		{FFE7B5EB-45BA-4461-9B5F-47578B43E4DE}.Release|Windows-x64.Build.0 = Release|Windows-x64
		{FFE7B5EB-45BA-4461-9B5F-47578B43E4DE}.Release|Windows-x64.Deploy.0 = Release|Windows-x64
		{FFE7B5EB-45BA-4461-9B5F-47578B43E4DE}.Release|Windows-x86.ActiveCfg = Release|Windows-x86
		{FFE7B5EB-45BA-4461-9B5F-47578B43E4DE}.Release|Windows-x86.Build.0 = Release|Windows-x86
		{FFE7B5EB-45BA-4461-9B5F-47578B43E4DE}.Release|Windows-x86.Deploy.0 = Release|Windows-x86
	EndGlobalSection
	GlobalSection(SolutionProperties) = preSolution
		HideSolutionNode = FALSE
	EndGlobalSection
EndGlobal
